// !$*UTF8*$!
{
	archiveVersion = 1;
	classes = {
	};
	objectVersion = 48;
	objects = {

/* Begin PBXBuildFile section */
		5124639820549B8500126A2E /* NewPostViewControllerExtension.swift in Sources */ = {isa = PBXBuildFile; fileRef = 5124639720549B8500126A2E /* NewPostViewControllerExtension.swift */; };
		513547D1204CAEA3003BEC7F /* DataTypes.swift in Sources */ = {isa = PBXBuildFile; fileRef = 513547D0204CAEA3003BEC7F /* DataTypes.swift */; };
		513547D7204CAEB5003BEC7F /* MockData.swift in Sources */ = {isa = PBXBuildFile; fileRef = 513547D2204CAEB4003BEC7F /* MockData.swift */; };
		513547D8204CAEB5003BEC7F /* PostDetailViewController.swift in Sources */ = {isa = PBXBuildFile; fileRef = 513547D3204CAEB5003BEC7F /* PostDetailViewController.swift */; };
		513547D9204CAEB5003BEC7F /* MainFeedTableViewCell.swift in Sources */ = {isa = PBXBuildFile; fileRef = 513547D4204CAEB5003BEC7F /* MainFeedTableViewCell.swift */; };
		513547DA204CAEB5003BEC7F /* MainFeedViewController.swift in Sources */ = {isa = PBXBuildFile; fileRef = 513547D5204CAEB5003BEC7F /* MainFeedViewController.swift */; };
		513547DB204CAEB5003BEC7F /* MapAnnotation.swift in Sources */ = {isa = PBXBuildFile; fileRef = 513547D6204CAEB5003BEC7F /* MapAnnotation.swift */; };
		513547DD204CB173003BEC7F /* README.md in Resources */ = {isa = PBXBuildFile; fileRef = 513547DC204CB173003BEC7F /* README.md */; };
		5149A3552055DCB200009D39 /* UIViewControllerExtension.swift in Sources */ = {isa = PBXBuildFile; fileRef = 5149A3542055DCB200009D39 /* UIViewControllerExtension.swift */; };
		517728F2204FB28700AE0CBE /* MediaManager.swift in Sources */ = {isa = PBXBuildFile; fileRef = 517728F1204FB28600AE0CBE /* MediaManager.swift */; };
		51CF268C205B0B7000CDECBB /* GoogleService-Info.plist in Resources */ = {isa = PBXBuildFile; fileRef = 51CF268B205B0B7000CDECBB /* GoogleService-Info.plist */; };
		51CF268E205B0BC200CDECBB /* ErrorHandler.swift in Sources */ = {isa = PBXBuildFile; fileRef = 51CF268D205B0BC200CDECBB /* ErrorHandler.swift */; };
		51CF2690205B0BDF00CDECBB /* UIImageExtension.swift in Sources */ = {isa = PBXBuildFile; fileRef = 51CF268F205B0BDF00CDECBB /* UIImageExtension.swift */; };
		51E4C1BB2055BE1B00A2FEA5 /* Array+Extensions.swift in Sources */ = {isa = PBXBuildFile; fileRef = 51E4C16C2055BE1B00A2FEA5 /* Array+Extensions.swift */; };
		51E4C1BC2055BE1B00A2FEA5 /* UISegmentedControl+Extensions.swift in Sources */ = {isa = PBXBuildFile; fileRef = 51E4C16D2055BE1B00A2FEA5 /* UISegmentedControl+Extensions.swift */; };
		51E4C1BD2055BE1B00A2FEA5 /* UIImageView+Extensions.swift in Sources */ = {isa = PBXBuildFile; fileRef = 51E4C16E2055BE1B00A2FEA5 /* UIImageView+Extensions.swift */; };
		51E4C1BE2055BE1B00A2FEA5 /* UIViewController+Extensions.swift in Sources */ = {isa = PBXBuildFile; fileRef = 51E4C16F2055BE1B00A2FEA5 /* UIViewController+Extensions.swift */; };
		51E4C1BF2055BE1B00A2FEA5 /* UIView+Extensions.swift in Sources */ = {isa = PBXBuildFile; fileRef = 51E4C1702055BE1B00A2FEA5 /* UIView+Extensions.swift */; };
		51E4C1C02055BE1B00A2FEA5 /* Date+Extension.swift in Sources */ = {isa = PBXBuildFile; fileRef = 51E4C1712055BE1B00A2FEA5 /* Date+Extension.swift */; };
		51E4C1C12055BE1B00A2FEA5 /* String+Extensions.swift in Sources */ = {isa = PBXBuildFile; fileRef = 51E4C1722055BE1B00A2FEA5 /* String+Extensions.swift */; };
		51E4C1C22055BE1B00A2FEA5 /* UITextView+Extensions.swift in Sources */ = {isa = PBXBuildFile; fileRef = 51E4C1732055BE1B00A2FEA5 /* UITextView+Extensions.swift */; };
		51E4C1C32055BE1B00A2FEA5 /* UIColor+Extensions.swift in Sources */ = {isa = PBXBuildFile; fileRef = 51E4C1742055BE1B00A2FEA5 /* UIColor+Extensions.swift */; };
		51E4C1C42055BE1B00A2FEA5 /* UIImage+Extensions.swift in Sources */ = {isa = PBXBuildFile; fileRef = 51E4C1752055BE1B00A2FEA5 /* UIImage+Extensions.swift */; };
		51E4C1C52055BE1B00A2FEA5 /* UISearchBar+Extensions.swift in Sources */ = {isa = PBXBuildFile; fileRef = 51E4C1762055BE1B00A2FEA5 /* UISearchBar+Extensions.swift */; };
		51E4C1C62055BE1B00A2FEA5 /* UIApplication+Extensions.swift in Sources */ = {isa = PBXBuildFile; fileRef = 51E4C1772055BE1B00A2FEA5 /* UIApplication+Extensions.swift */; };
		51E4C1C72055BE1C00A2FEA5 /* UIAlertController+Extensions.swift in Sources */ = {isa = PBXBuildFile; fileRef = 51E4C1782055BE1B00A2FEA5 /* UIAlertController+Extensions.swift */; };
		51E4C1C82055BE1C00A2FEA5 /* Optional+Extensions.swift in Sources */ = {isa = PBXBuildFile; fileRef = 51E4C1792055BE1B00A2FEA5 /* Optional+Extensions.swift */; };
		51E4C1C92055BE1C00A2FEA5 /* Common+Extensions.swift in Sources */ = {isa = PBXBuildFile; fileRef = 51E4C17A2055BE1B00A2FEA5 /* Common+Extensions.swift */; };
		51E4C1CA2055BE1C00A2FEA5 /* Locale+Extensions.swift in Sources */ = {isa = PBXBuildFile; fileRef = 51E4C17B2055BE1B00A2FEA5 /* Locale+Extensions.swift */; };
		51E4C1CB2055BE1C00A2FEA5 /* UITextField+Extensions.swift in Sources */ = {isa = PBXBuildFile; fileRef = 51E4C17C2055BE1B00A2FEA5 /* UITextField+Extensions.swift */; };
		51E4C1CC2055BE1C00A2FEA5 /* AttributedTextBlock.swift in Sources */ = {isa = PBXBuildFile; fileRef = 51E4C17F2055BE1B00A2FEA5 /* AttributedTextBlock.swift */; };
		51E4C1CD2055BE1C00A2FEA5 /* TextViewController.swift in Sources */ = {isa = PBXBuildFile; fileRef = 51E4C1802055BE1B00A2FEA5 /* TextViewController.swift */; };
		51E4C1CE2055BE1C00A2FEA5 /* Countries.bundle in Resources */ = {isa = PBXBuildFile; fileRef = 51E4C1832055BE1B00A2FEA5 /* Countries.bundle */; };
		51E4C1CF2055BE1C00A2FEA5 /* LocaleStore.swift in Sources */ = {isa = PBXBuildFile; fileRef = 51E4C1852055BE1B00A2FEA5 /* LocaleStore.swift */; };
		51E4C1D02055BE1C00A2FEA5 /* LocaleInfo.swift in Sources */ = {isa = PBXBuildFile; fileRef = 51E4C1872055BE1B00A2FEA5 /* LocaleInfo.swift */; };
		51E4C1D12055BE1C00A2FEA5 /* LocalePickerViewController.swift in Sources */ = {isa = PBXBuildFile; fileRef = 51E4C1882055BE1B00A2FEA5 /* LocalePickerViewController.swift */; };
		51E4C1D22055BE1C00A2FEA5 /* PhoneCodeCell.swift in Sources */ = {isa = PBXBuildFile; fileRef = 51E4C18A2055BE1B00A2FEA5 /* PhoneCodeCell.swift */; };
		51E4C1D32055BE1C00A2FEA5 /* CurrencyCell.swift in Sources */ = {isa = PBXBuildFile; fileRef = 51E4C18B2055BE1B00A2FEA5 /* CurrencyCell.swift */; };
		51E4C1D42055BE1C00A2FEA5 /* CountryCell.swift in Sources */ = {isa = PBXBuildFile; fileRef = 51E4C18C2055BE1B00A2FEA5 /* CountryCell.swift */; };
		51E4C1D52055BE1C00A2FEA5 /* TwoTextFieldsViewController.swift in Sources */ = {isa = PBXBuildFile; fileRef = 51E4C18E2055BE1B00A2FEA5 /* TwoTextFieldsViewController.swift */; };
		51E4C1D62055BE1C00A2FEA5 /* OneTextFieldViewController.swift in Sources */ = {isa = PBXBuildFile; fileRef = 51E4C18F2055BE1B00A2FEA5 /* OneTextFieldViewController.swift */; };
		51E4C1D72055BE1C00A2FEA5 /* Assets.swift in Sources */ = {isa = PBXBuildFile; fileRef = 51E4C1922055BE1B00A2FEA5 /* Assets.swift */; };
		51E4C1D82055BE1C00A2FEA5 /* PhotoLibraryPickerViewController.swift in Sources */ = {isa = PBXBuildFile; fileRef = 51E4C1932055BE1B00A2FEA5 /* PhotoLibraryPickerViewController.swift */; };
		51E4C1D92055BE1C00A2FEA5 /* LocationSearchResultsViewController.swift in Sources */ = {isa = PBXBuildFile; fileRef = 51E4C1952055BE1B00A2FEA5 /* LocationSearchResultsViewController.swift */; };
		51E4C1DA2055BE1C00A2FEA5 /* LocationPickerViewController.swift in Sources */ = {isa = PBXBuildFile; fileRef = 51E4C1962055BE1B00A2FEA5 /* LocationPickerViewController.swift */; };
		51E4C1DB2055BE1C00A2FEA5 /* SearchHistoryManager.swift in Sources */ = {isa = PBXBuildFile; fileRef = 51E4C1982055BE1B00A2FEA5 /* SearchHistoryManager.swift */; };
		51E4C1DC2055BE1C00A2FEA5 /* Location.swift in Sources */ = {isa = PBXBuildFile; fileRef = 51E4C19A2055BE1B00A2FEA5 /* Location.swift */; };
		51E4C1DD2055BE1C00A2FEA5 /* Address.swift in Sources */ = {isa = PBXBuildFile; fileRef = 51E4C19B2055BE1B00A2FEA5 /* Address.swift */; };
		51E4C1DE2055BE1C00A2FEA5 /* PickerViewViewController.swift in Sources */ = {isa = PBXBuildFile; fileRef = 51E4C19D2055BE1B00A2FEA5 /* PickerViewViewController.swift */; };
		51E4C1DF2055BE1C00A2FEA5 /* ContactsPickerViewController.swift in Sources */ = {isa = PBXBuildFile; fileRef = 51E4C19F2055BE1B00A2FEA5 /* ContactsPickerViewController.swift */; };
		51E4C1E02055BE1C00A2FEA5 /* Contacts.swift in Sources */ = {isa = PBXBuildFile; fileRef = 51E4C1A12055BE1B00A2FEA5 /* Contacts.swift */; };
		51E4C1E12055BE1C00A2FEA5 /* Contact.swift in Sources */ = {isa = PBXBuildFile; fileRef = 51E4C1A32055BE1B00A2FEA5 /* Contact.swift */; };
		51E4C1E22055BE1C00A2FEA5 /* ContactCell.swift in Sources */ = {isa = PBXBuildFile; fileRef = 51E4C1A52055BE1B00A2FEA5 /* ContactCell.swift */; };
		51E4C1E32055BE1C00A2FEA5 /* ColorPickerViewController.swift in Sources */ = {isa = PBXBuildFile; fileRef = 51E4C1A72055BE1B00A2FEA5 /* ColorPickerViewController.swift */; };
		51E4C1E42055BE1C00A2FEA5 /* DatePickerViewController.swift in Sources */ = {isa = PBXBuildFile; fileRef = 51E4C1A92055BE1B00A2FEA5 /* DatePickerViewController.swift */; };
		51E4C1E52055BE1C00A2FEA5 /* ImagePickerViewController.swift in Sources */ = {isa = PBXBuildFile; fileRef = 51E4C1AB2055BE1B00A2FEA5 /* ImagePickerViewController.swift */; };
		51E4C1E62055BE1C00A2FEA5 /* ItemWithImage.swift in Sources */ = {isa = PBXBuildFile; fileRef = 51E4C1AD2055BE1B00A2FEA5 /* ItemWithImage.swift */; };
		51E4C1E72055BE1C00A2FEA5 /* PhotoLayout.swift in Sources */ = {isa = PBXBuildFile; fileRef = 51E4C1B02055BE1B00A2FEA5 /* PhotoLayout.swift */; };
		51E4C1E82055BE1C00A2FEA5 /* TelegramPickerViewController.swift in Sources */ = {isa = PBXBuildFile; fileRef = 51E4C1B12055BE1B00A2FEA5 /* TelegramPickerViewController.swift */; };
		51E4C1E92055BE1C00A2FEA5 /* ItemWithPhoto.swift in Sources */ = {isa = PBXBuildFile; fileRef = 51E4C1B32055BE1B00A2FEA5 /* ItemWithPhoto.swift */; };
		51E4C1EA2055BE1C00A2FEA5 /* LikeButtonCell.swift in Sources */ = {isa = PBXBuildFile; fileRef = 51E4C1B42055BE1B00A2FEA5 /* LikeButtonCell.swift */; };
		51E4C1EB2055BE1C00A2FEA5 /* Label.swift in Sources */ = {isa = PBXBuildFile; fileRef = 51E4C1B62055BE1B00A2FEA5 /* Label.swift */; };
		51E4C1EC2055BE1C00A2FEA5 /* SegmentedControl.swift in Sources */ = {isa = PBXBuildFile; fileRef = 51E4C1B72055BE1B00A2FEA5 /* SegmentedControl.swift */; };
		51E4C1ED2055BE1C00A2FEA5 /* GradientSlider.swift in Sources */ = {isa = PBXBuildFile; fileRef = 51E4C1B82055BE1B00A2FEA5 /* GradientSlider.swift */; };
		51E4C1EE2055BE1C00A2FEA5 /* TextField.swift in Sources */ = {isa = PBXBuildFile; fileRef = 51E4C1B92055BE1B00A2FEA5 /* TextField.swift */; };
		51E4C1EF2055BE1C00A2FEA5 /* Button.swift in Sources */ = {isa = PBXBuildFile; fileRef = 51E4C1BA2055BE1B00A2FEA5 /* Button.swift */; };
		C83D20BF205A45F20051E378 /* SplashViewController.swift in Sources */ = {isa = PBXBuildFile; fileRef = C83D20BE205A45F20051E378 /* SplashViewController.swift */; };
		C83D20C1205ABC920051E378 /* Settings.bundle in Resources */ = {isa = PBXBuildFile; fileRef = C83D20C0205ABC920051E378 /* Settings.bundle */; };
		C883BA15205A32480036EF0A /* Splash.storyboard in Resources */ = {isa = PBXBuildFile; fileRef = C883BA14205A32480036EF0A /* Splash.storyboard */; };
		C892A2F7203A82A5000807D6 /* AppDelegate.swift in Sources */ = {isa = PBXBuildFile; fileRef = C892A2F6203A82A5000807D6 /* AppDelegate.swift */; };
		C892A2FB203A82A5000807D6 /* NewPostViewController.swift in Sources */ = {isa = PBXBuildFile; fileRef = C892A2FA203A82A5000807D6 /* NewPostViewController.swift */; };
		C892A2FE203A82A5000807D6 /* Main.storyboard in Resources */ = {isa = PBXBuildFile; fileRef = C892A2FC203A82A5000807D6 /* Main.storyboard */; };
		C892A300203A82A5000807D6 /* Assets.xcassets in Resources */ = {isa = PBXBuildFile; fileRef = C892A2FF203A82A5000807D6 /* Assets.xcassets */; };
		C892A303203A82A5000807D6 /* LaunchScreen.storyboard in Resources */ = {isa = PBXBuildFile; fileRef = C892A301203A82A5000807D6 /* LaunchScreen.storyboard */; };
		C892A31B2045CE07000807D6 /* LoginViewController.swift in Sources */ = {isa = PBXBuildFile; fileRef = C892A31A2045CE07000807D6 /* LoginViewController.swift */; };
		C892A31D20470B8F000807D6 /* AccountViewController.swift in Sources */ = {isa = PBXBuildFile; fileRef = C892A31C20470B8F000807D6 /* AccountViewController.swift */; };
		C8A8C8FE2055FC4300046D03 /* SharedNetworking.swift in Sources */ = {isa = PBXBuildFile; fileRef = C8A8C8FD2055FC4300046D03 /* SharedNetworking.swift */; };
		C8A8C9002055FCF700046D03 /* Enums.swift in Sources */ = {isa = PBXBuildFile; fileRef = C8A8C8FF2055FCF700046D03 /* Enums.swift */; };
		D8600908B5AC9A8A4D59F77B /* Pods_final_project.framework in Frameworks */ = {isa = PBXBuildFile; fileRef = 6F7CB94AAC1B57B858BB0386 /* Pods_final_project.framework */; };
/* End PBXBuildFile section */

/* Begin PBXFileReference section */
		5124639720549B8500126A2E /* NewPostViewControllerExtension.swift */ = {isa = PBXFileReference; fileEncoding = 4; lastKnownFileType = sourcecode.swift; path = NewPostViewControllerExtension.swift; sourceTree = "<group>"; };
		513547D0204CAEA3003BEC7F /* DataTypes.swift */ = {isa = PBXFileReference; fileEncoding = 4; lastKnownFileType = sourcecode.swift; path = DataTypes.swift; sourceTree = "<group>"; };
		513547D2204CAEB4003BEC7F /* MockData.swift */ = {isa = PBXFileReference; fileEncoding = 4; lastKnownFileType = sourcecode.swift; path = MockData.swift; sourceTree = "<group>"; };
		513547D3204CAEB5003BEC7F /* PostDetailViewController.swift */ = {isa = PBXFileReference; fileEncoding = 4; lastKnownFileType = sourcecode.swift; path = PostDetailViewController.swift; sourceTree = "<group>"; };
		513547D4204CAEB5003BEC7F /* MainFeedTableViewCell.swift */ = {isa = PBXFileReference; fileEncoding = 4; lastKnownFileType = sourcecode.swift; path = MainFeedTableViewCell.swift; sourceTree = "<group>"; };
		513547D5204CAEB5003BEC7F /* MainFeedViewController.swift */ = {isa = PBXFileReference; fileEncoding = 4; lastKnownFileType = sourcecode.swift; path = MainFeedViewController.swift; sourceTree = "<group>"; };
		513547D6204CAEB5003BEC7F /* MapAnnotation.swift */ = {isa = PBXFileReference; fileEncoding = 4; lastKnownFileType = sourcecode.swift; path = MapAnnotation.swift; sourceTree = "<group>"; };
		513547DC204CB173003BEC7F /* README.md */ = {isa = PBXFileReference; fileEncoding = 4; lastKnownFileType = net.daringfireball.markdown; path = README.md; sourceTree = "<group>"; };
		5149A3542055DCB200009D39 /* UIViewControllerExtension.swift */ = {isa = PBXFileReference; lastKnownFileType = sourcecode.swift; path = UIViewControllerExtension.swift; sourceTree = "<group>"; };
		517728F1204FB28600AE0CBE /* MediaManager.swift */ = {isa = PBXFileReference; fileEncoding = 4; lastKnownFileType = sourcecode.swift; path = MediaManager.swift; sourceTree = "<group>"; };
		51CF268B205B0B7000CDECBB /* GoogleService-Info.plist */ = {isa = PBXFileReference; fileEncoding = 4; lastKnownFileType = text.plist.xml; path = "GoogleService-Info.plist"; sourceTree = "<group>"; };
		51CF268D205B0BC200CDECBB /* ErrorHandler.swift */ = {isa = PBXFileReference; fileEncoding = 4; lastKnownFileType = sourcecode.swift; path = ErrorHandler.swift; sourceTree = "<group>"; };
		51CF268F205B0BDF00CDECBB /* UIImageExtension.swift */ = {isa = PBXFileReference; fileEncoding = 4; lastKnownFileType = sourcecode.swift; path = UIImageExtension.swift; sourceTree = "<group>"; };
		51E4C16C2055BE1B00A2FEA5 /* Array+Extensions.swift */ = {isa = PBXFileReference; fileEncoding = 4; lastKnownFileType = sourcecode.swift; path = "Array+Extensions.swift"; sourceTree = "<group>"; };
		51E4C16D2055BE1B00A2FEA5 /* UISegmentedControl+Extensions.swift */ = {isa = PBXFileReference; fileEncoding = 4; lastKnownFileType = sourcecode.swift; path = "UISegmentedControl+Extensions.swift"; sourceTree = "<group>"; };
		51E4C16E2055BE1B00A2FEA5 /* UIImageView+Extensions.swift */ = {isa = PBXFileReference; fileEncoding = 4; lastKnownFileType = sourcecode.swift; path = "UIImageView+Extensions.swift"; sourceTree = "<group>"; };
		51E4C16F2055BE1B00A2FEA5 /* UIViewController+Extensions.swift */ = {isa = PBXFileReference; fileEncoding = 4; lastKnownFileType = sourcecode.swift; path = "UIViewController+Extensions.swift"; sourceTree = "<group>"; };
		51E4C1702055BE1B00A2FEA5 /* UIView+Extensions.swift */ = {isa = PBXFileReference; fileEncoding = 4; lastKnownFileType = sourcecode.swift; path = "UIView+Extensions.swift"; sourceTree = "<group>"; };
		51E4C1712055BE1B00A2FEA5 /* Date+Extension.swift */ = {isa = PBXFileReference; fileEncoding = 4; lastKnownFileType = sourcecode.swift; path = "Date+Extension.swift"; sourceTree = "<group>"; };
		51E4C1722055BE1B00A2FEA5 /* String+Extensions.swift */ = {isa = PBXFileReference; fileEncoding = 4; lastKnownFileType = sourcecode.swift; path = "String+Extensions.swift"; sourceTree = "<group>"; };
		51E4C1732055BE1B00A2FEA5 /* UITextView+Extensions.swift */ = {isa = PBXFileReference; fileEncoding = 4; lastKnownFileType = sourcecode.swift; path = "UITextView+Extensions.swift"; sourceTree = "<group>"; };
		51E4C1742055BE1B00A2FEA5 /* UIColor+Extensions.swift */ = {isa = PBXFileReference; fileEncoding = 4; lastKnownFileType = sourcecode.swift; path = "UIColor+Extensions.swift"; sourceTree = "<group>"; };
		51E4C1752055BE1B00A2FEA5 /* UIImage+Extensions.swift */ = {isa = PBXFileReference; fileEncoding = 4; lastKnownFileType = sourcecode.swift; path = "UIImage+Extensions.swift"; sourceTree = "<group>"; };
		51E4C1762055BE1B00A2FEA5 /* UISearchBar+Extensions.swift */ = {isa = PBXFileReference; fileEncoding = 4; lastKnownFileType = sourcecode.swift; path = "UISearchBar+Extensions.swift"; sourceTree = "<group>"; };
		51E4C1772055BE1B00A2FEA5 /* UIApplication+Extensions.swift */ = {isa = PBXFileReference; fileEncoding = 4; lastKnownFileType = sourcecode.swift; path = "UIApplication+Extensions.swift"; sourceTree = "<group>"; };
		51E4C1782055BE1B00A2FEA5 /* UIAlertController+Extensions.swift */ = {isa = PBXFileReference; fileEncoding = 4; lastKnownFileType = sourcecode.swift; path = "UIAlertController+Extensions.swift"; sourceTree = "<group>"; };
		51E4C1792055BE1B00A2FEA5 /* Optional+Extensions.swift */ = {isa = PBXFileReference; fileEncoding = 4; lastKnownFileType = sourcecode.swift; path = "Optional+Extensions.swift"; sourceTree = "<group>"; };
		51E4C17A2055BE1B00A2FEA5 /* Common+Extensions.swift */ = {isa = PBXFileReference; fileEncoding = 4; lastKnownFileType = sourcecode.swift; path = "Common+Extensions.swift"; sourceTree = "<group>"; };
		51E4C17B2055BE1B00A2FEA5 /* Locale+Extensions.swift */ = {isa = PBXFileReference; fileEncoding = 4; lastKnownFileType = sourcecode.swift; path = "Locale+Extensions.swift"; sourceTree = "<group>"; };
		51E4C17C2055BE1B00A2FEA5 /* UITextField+Extensions.swift */ = {isa = PBXFileReference; fileEncoding = 4; lastKnownFileType = sourcecode.swift; path = "UITextField+Extensions.swift"; sourceTree = "<group>"; };
		51E4C17F2055BE1B00A2FEA5 /* AttributedTextBlock.swift */ = {isa = PBXFileReference; fileEncoding = 4; lastKnownFileType = sourcecode.swift; path = AttributedTextBlock.swift; sourceTree = "<group>"; };
		51E4C1802055BE1B00A2FEA5 /* TextViewController.swift */ = {isa = PBXFileReference; fileEncoding = 4; lastKnownFileType = sourcecode.swift; path = TextViewController.swift; sourceTree = "<group>"; };
		51E4C1832055BE1B00A2FEA5 /* Countries.bundle */ = {isa = PBXFileReference; lastKnownFileType = "wrapper.plug-in"; path = Countries.bundle; sourceTree = "<group>"; };
		51E4C1852055BE1B00A2FEA5 /* LocaleStore.swift */ = {isa = PBXFileReference; fileEncoding = 4; lastKnownFileType = sourcecode.swift; path = LocaleStore.swift; sourceTree = "<group>"; };
		51E4C1872055BE1B00A2FEA5 /* LocaleInfo.swift */ = {isa = PBXFileReference; fileEncoding = 4; lastKnownFileType = sourcecode.swift; path = LocaleInfo.swift; sourceTree = "<group>"; };
		51E4C1882055BE1B00A2FEA5 /* LocalePickerViewController.swift */ = {isa = PBXFileReference; fileEncoding = 4; lastKnownFileType = sourcecode.swift; path = LocalePickerViewController.swift; sourceTree = "<group>"; };
		51E4C18A2055BE1B00A2FEA5 /* PhoneCodeCell.swift */ = {isa = PBXFileReference; fileEncoding = 4; lastKnownFileType = sourcecode.swift; path = PhoneCodeCell.swift; sourceTree = "<group>"; };
		51E4C18B2055BE1B00A2FEA5 /* CurrencyCell.swift */ = {isa = PBXFileReference; fileEncoding = 4; lastKnownFileType = sourcecode.swift; path = CurrencyCell.swift; sourceTree = "<group>"; };
		51E4C18C2055BE1B00A2FEA5 /* CountryCell.swift */ = {isa = PBXFileReference; fileEncoding = 4; lastKnownFileType = sourcecode.swift; path = CountryCell.swift; sourceTree = "<group>"; };
		51E4C18E2055BE1B00A2FEA5 /* TwoTextFieldsViewController.swift */ = {isa = PBXFileReference; fileEncoding = 4; lastKnownFileType = sourcecode.swift; path = TwoTextFieldsViewController.swift; sourceTree = "<group>"; };
		51E4C18F2055BE1B00A2FEA5 /* OneTextFieldViewController.swift */ = {isa = PBXFileReference; fileEncoding = 4; lastKnownFileType = sourcecode.swift; path = OneTextFieldViewController.swift; sourceTree = "<group>"; };
		51E4C1922055BE1B00A2FEA5 /* Assets.swift */ = {isa = PBXFileReference; fileEncoding = 4; lastKnownFileType = sourcecode.swift; path = Assets.swift; sourceTree = "<group>"; };
		51E4C1932055BE1B00A2FEA5 /* PhotoLibraryPickerViewController.swift */ = {isa = PBXFileReference; fileEncoding = 4; lastKnownFileType = sourcecode.swift; path = PhotoLibraryPickerViewController.swift; sourceTree = "<group>"; };
		51E4C1952055BE1B00A2FEA5 /* LocationSearchResultsViewController.swift */ = {isa = PBXFileReference; fileEncoding = 4; lastKnownFileType = sourcecode.swift; path = LocationSearchResultsViewController.swift; sourceTree = "<group>"; };
		51E4C1962055BE1B00A2FEA5 /* LocationPickerViewController.swift */ = {isa = PBXFileReference; fileEncoding = 4; lastKnownFileType = sourcecode.swift; path = LocationPickerViewController.swift; sourceTree = "<group>"; };
		51E4C1982055BE1B00A2FEA5 /* SearchHistoryManager.swift */ = {isa = PBXFileReference; fileEncoding = 4; lastKnownFileType = sourcecode.swift; path = SearchHistoryManager.swift; sourceTree = "<group>"; };
		51E4C19A2055BE1B00A2FEA5 /* Location.swift */ = {isa = PBXFileReference; fileEncoding = 4; lastKnownFileType = sourcecode.swift; path = Location.swift; sourceTree = "<group>"; };
		51E4C19B2055BE1B00A2FEA5 /* Address.swift */ = {isa = PBXFileReference; fileEncoding = 4; lastKnownFileType = sourcecode.swift; path = Address.swift; sourceTree = "<group>"; };
		51E4C19D2055BE1B00A2FEA5 /* PickerViewViewController.swift */ = {isa = PBXFileReference; fileEncoding = 4; lastKnownFileType = sourcecode.swift; path = PickerViewViewController.swift; sourceTree = "<group>"; };
		51E4C19F2055BE1B00A2FEA5 /* ContactsPickerViewController.swift */ = {isa = PBXFileReference; fileEncoding = 4; lastKnownFileType = sourcecode.swift; path = ContactsPickerViewController.swift; sourceTree = "<group>"; };
		51E4C1A12055BE1B00A2FEA5 /* Contacts.swift */ = {isa = PBXFileReference; fileEncoding = 4; lastKnownFileType = sourcecode.swift; path = Contacts.swift; sourceTree = "<group>"; };
		51E4C1A32055BE1B00A2FEA5 /* Contact.swift */ = {isa = PBXFileReference; fileEncoding = 4; lastKnownFileType = sourcecode.swift; path = Contact.swift; sourceTree = "<group>"; };
		51E4C1A52055BE1B00A2FEA5 /* ContactCell.swift */ = {isa = PBXFileReference; fileEncoding = 4; lastKnownFileType = sourcecode.swift; path = ContactCell.swift; sourceTree = "<group>"; };
		51E4C1A72055BE1B00A2FEA5 /* ColorPickerViewController.swift */ = {isa = PBXFileReference; fileEncoding = 4; lastKnownFileType = sourcecode.swift; path = ColorPickerViewController.swift; sourceTree = "<group>"; };
		51E4C1A92055BE1B00A2FEA5 /* DatePickerViewController.swift */ = {isa = PBXFileReference; fileEncoding = 4; lastKnownFileType = sourcecode.swift; path = DatePickerViewController.swift; sourceTree = "<group>"; };
		51E4C1AB2055BE1B00A2FEA5 /* ImagePickerViewController.swift */ = {isa = PBXFileReference; fileEncoding = 4; lastKnownFileType = sourcecode.swift; path = ImagePickerViewController.swift; sourceTree = "<group>"; };
		51E4C1AD2055BE1B00A2FEA5 /* ItemWithImage.swift */ = {isa = PBXFileReference; fileEncoding = 4; lastKnownFileType = sourcecode.swift; path = ItemWithImage.swift; sourceTree = "<group>"; };
		51E4C1B02055BE1B00A2FEA5 /* PhotoLayout.swift */ = {isa = PBXFileReference; fileEncoding = 4; lastKnownFileType = sourcecode.swift; path = PhotoLayout.swift; sourceTree = "<group>"; };
		51E4C1B12055BE1B00A2FEA5 /* TelegramPickerViewController.swift */ = {isa = PBXFileReference; fileEncoding = 4; lastKnownFileType = sourcecode.swift; path = TelegramPickerViewController.swift; sourceTree = "<group>"; };
		51E4C1B32055BE1B00A2FEA5 /* ItemWithPhoto.swift */ = {isa = PBXFileReference; fileEncoding = 4; lastKnownFileType = sourcecode.swift; path = ItemWithPhoto.swift; sourceTree = "<group>"; };
		51E4C1B42055BE1B00A2FEA5 /* LikeButtonCell.swift */ = {isa = PBXFileReference; fileEncoding = 4; lastKnownFileType = sourcecode.swift; path = LikeButtonCell.swift; sourceTree = "<group>"; };
		51E4C1B62055BE1B00A2FEA5 /* Label.swift */ = {isa = PBXFileReference; fileEncoding = 4; lastKnownFileType = sourcecode.swift; path = Label.swift; sourceTree = "<group>"; };
		51E4C1B72055BE1B00A2FEA5 /* SegmentedControl.swift */ = {isa = PBXFileReference; fileEncoding = 4; lastKnownFileType = sourcecode.swift; path = SegmentedControl.swift; sourceTree = "<group>"; };
		51E4C1B82055BE1B00A2FEA5 /* GradientSlider.swift */ = {isa = PBXFileReference; fileEncoding = 4; lastKnownFileType = sourcecode.swift; path = GradientSlider.swift; sourceTree = "<group>"; };
		51E4C1B92055BE1B00A2FEA5 /* TextField.swift */ = {isa = PBXFileReference; fileEncoding = 4; lastKnownFileType = sourcecode.swift; path = TextField.swift; sourceTree = "<group>"; };
		51E4C1BA2055BE1B00A2FEA5 /* Button.swift */ = {isa = PBXFileReference; fileEncoding = 4; lastKnownFileType = sourcecode.swift; path = Button.swift; sourceTree = "<group>"; };
		6240933E73D9166ED25F7A50 /* Pods-final-project.release.xcconfig */ = {isa = PBXFileReference; includeInIndex = 1; lastKnownFileType = text.xcconfig; name = "Pods-final-project.release.xcconfig"; path = "Pods/Target Support Files/Pods-final-project/Pods-final-project.release.xcconfig"; sourceTree = "<group>"; };
		6F7CB94AAC1B57B858BB0386 /* Pods_final_project.framework */ = {isa = PBXFileReference; explicitFileType = wrapper.framework; includeInIndex = 0; path = Pods_final_project.framework; sourceTree = BUILT_PRODUCTS_DIR; };
		9F21D58DFD4535DD00535CFC /* Pods-final-project.debug.xcconfig */ = {isa = PBXFileReference; includeInIndex = 1; lastKnownFileType = text.xcconfig; name = "Pods-final-project.debug.xcconfig"; path = "Pods/Target Support Files/Pods-final-project/Pods-final-project.debug.xcconfig"; sourceTree = "<group>"; };
		C83D20BE205A45F20051E378 /* SplashViewController.swift */ = {isa = PBXFileReference; lastKnownFileType = sourcecode.swift; path = SplashViewController.swift; sourceTree = "<group>"; };
		C83D20C0205ABC920051E378 /* Settings.bundle */ = {isa = PBXFileReference; lastKnownFileType = "wrapper.plug-in"; path = Settings.bundle; sourceTree = "<group>"; };
		C883BA14205A32480036EF0A /* Splash.storyboard */ = {isa = PBXFileReference; lastKnownFileType = file.storyboard; path = Splash.storyboard; sourceTree = "<group>"; };
		C892A2F3203A82A5000807D6 /* final-project.app */ = {isa = PBXFileReference; explicitFileType = wrapper.application; includeInIndex = 0; path = "final-project.app"; sourceTree = BUILT_PRODUCTS_DIR; };
		C892A2F6203A82A5000807D6 /* AppDelegate.swift */ = {isa = PBXFileReference; lastKnownFileType = sourcecode.swift; path = AppDelegate.swift; sourceTree = "<group>"; };
		C892A2FA203A82A5000807D6 /* NewPostViewController.swift */ = {isa = PBXFileReference; lastKnownFileType = sourcecode.swift; path = NewPostViewController.swift; sourceTree = "<group>"; };
		C892A2FD203A82A5000807D6 /* Base */ = {isa = PBXFileReference; lastKnownFileType = file.storyboard; name = Base; path = Base.lproj/Main.storyboard; sourceTree = "<group>"; };
		C892A2FF203A82A5000807D6 /* Assets.xcassets */ = {isa = PBXFileReference; lastKnownFileType = folder.assetcatalog; path = Assets.xcassets; sourceTree = "<group>"; };
		C892A302203A82A5000807D6 /* Base */ = {isa = PBXFileReference; lastKnownFileType = file.storyboard; name = Base; path = Base.lproj/LaunchScreen.storyboard; sourceTree = "<group>"; };
		C892A304203A82A5000807D6 /* Info.plist */ = {isa = PBXFileReference; lastKnownFileType = text.plist.xml; path = Info.plist; sourceTree = "<group>"; };
		C892A31A2045CE07000807D6 /* LoginViewController.swift */ = {isa = PBXFileReference; lastKnownFileType = sourcecode.swift; path = LoginViewController.swift; sourceTree = "<group>"; };
		C892A31C20470B8F000807D6 /* AccountViewController.swift */ = {isa = PBXFileReference; lastKnownFileType = sourcecode.swift; path = AccountViewController.swift; sourceTree = "<group>"; };
		C8A8C8FD2055FC4300046D03 /* SharedNetworking.swift */ = {isa = PBXFileReference; lastKnownFileType = sourcecode.swift; path = SharedNetworking.swift; sourceTree = "<group>"; };
		C8A8C8FF2055FCF700046D03 /* Enums.swift */ = {isa = PBXFileReference; lastKnownFileType = sourcecode.swift; path = Enums.swift; sourceTree = "<group>"; };
/* End PBXFileReference section */

/* Begin PBXFrameworksBuildPhase section */
		C892A2F0203A82A5000807D6 /* Frameworks */ = {
			isa = PBXFrameworksBuildPhase;
			buildActionMask = 2147483647;
			files = (
				D8600908B5AC9A8A4D59F77B /* Pods_final_project.framework in Frameworks */,
			);
			runOnlyForDeploymentPostprocessing = 0;
		};
/* End PBXFrameworksBuildPhase section */

/* Begin PBXGroup section */
		51E4C16A2055BE1B00A2FEA5 /* Source */ = {
			isa = PBXGroup;
			children = (
				51E4C16B2055BE1B00A2FEA5 /* Extensions */,
				51E4C1812055BE1B00A2FEA5 /* Pickers */,
				51E4C17D2055BE1B00A2FEA5 /* Viewers */,
				51E4C1B52055BE1B00A2FEA5 /* Views */,
			);
			path = Source;
			sourceTree = SOURCE_ROOT;
		};
		51E4C16B2055BE1B00A2FEA5 /* Extensions */ = {
			isa = PBXGroup;
			children = (
				51E4C16C2055BE1B00A2FEA5 /* Array+Extensions.swift */,
				51E4C16D2055BE1B00A2FEA5 /* UISegmentedControl+Extensions.swift */,
				51E4C16E2055BE1B00A2FEA5 /* UIImageView+Extensions.swift */,
				51E4C16F2055BE1B00A2FEA5 /* UIViewController+Extensions.swift */,
				51E4C1702055BE1B00A2FEA5 /* UIView+Extensions.swift */,
				51E4C1712055BE1B00A2FEA5 /* Date+Extension.swift */,
				51E4C1722055BE1B00A2FEA5 /* String+Extensions.swift */,
				51E4C1732055BE1B00A2FEA5 /* UITextView+Extensions.swift */,
				51E4C1742055BE1B00A2FEA5 /* UIColor+Extensions.swift */,
				51E4C1752055BE1B00A2FEA5 /* UIImage+Extensions.swift */,
				51E4C1762055BE1B00A2FEA5 /* UISearchBar+Extensions.swift */,
				51E4C1772055BE1B00A2FEA5 /* UIApplication+Extensions.swift */,
				51E4C1782055BE1B00A2FEA5 /* UIAlertController+Extensions.swift */,
				51E4C1792055BE1B00A2FEA5 /* Optional+Extensions.swift */,
				51E4C17A2055BE1B00A2FEA5 /* Common+Extensions.swift */,
				51E4C17B2055BE1B00A2FEA5 /* Locale+Extensions.swift */,
				51E4C17C2055BE1B00A2FEA5 /* UITextField+Extensions.swift */,
			);
			path = Extensions;
			sourceTree = "<group>";
		};
		51E4C17D2055BE1B00A2FEA5 /* Viewers */ = {
			isa = PBXGroup;
			children = (
				51E4C17E2055BE1B00A2FEA5 /* Models */,
				51E4C1802055BE1B00A2FEA5 /* TextViewController.swift */,
			);
			path = Viewers;
			sourceTree = "<group>";
		};
		51E4C17E2055BE1B00A2FEA5 /* Models */ = {
			isa = PBXGroup;
			children = (
				51E4C17F2055BE1B00A2FEA5 /* AttributedTextBlock.swift */,
			);
			path = Models;
			sourceTree = "<group>";
		};
		51E4C1812055BE1B00A2FEA5 /* Pickers */ = {
			isa = PBXGroup;
			children = (
				51E4C1822055BE1B00A2FEA5 /* Locale */,
				51E4C18D2055BE1B00A2FEA5 /* TextFields */,
				51E4C1902055BE1B00A2FEA5 /* PhotoLibrary */,
				51E4C1942055BE1B00A2FEA5 /* Location */,
				51E4C19C2055BE1B00A2FEA5 /* PickerView */,
				51E4C19E2055BE1B00A2FEA5 /* Contacts */,
				51E4C1A62055BE1B00A2FEA5 /* Color */,
				51E4C1A82055BE1B00A2FEA5 /* Date */,
				51E4C1AA2055BE1B00A2FEA5 /* Image */,
				51E4C1AE2055BE1B00A2FEA5 /* Telegram */,
			);
			path = Pickers;
			sourceTree = "<group>";
		};
		51E4C1822055BE1B00A2FEA5 /* Locale */ = {
			isa = PBXGroup;
			children = (
				51E4C1832055BE1B00A2FEA5 /* Countries.bundle */,
				51E4C1842055BE1B00A2FEA5 /* Managers */,
				51E4C1862055BE1B00A2FEA5 /* Models */,
				51E4C1882055BE1B00A2FEA5 /* LocalePickerViewController.swift */,
				51E4C1892055BE1B00A2FEA5 /* Views */,
			);
			path = Locale;
			sourceTree = "<group>";
		};
		51E4C1842055BE1B00A2FEA5 /* Managers */ = {
			isa = PBXGroup;
			children = (
				51E4C1852055BE1B00A2FEA5 /* LocaleStore.swift */,
			);
			path = Managers;
			sourceTree = "<group>";
		};
		51E4C1862055BE1B00A2FEA5 /* Models */ = {
			isa = PBXGroup;
			children = (
				51E4C1872055BE1B00A2FEA5 /* LocaleInfo.swift */,
			);
			path = Models;
			sourceTree = "<group>";
		};
		51E4C1892055BE1B00A2FEA5 /* Views */ = {
			isa = PBXGroup;
			children = (
				51E4C18A2055BE1B00A2FEA5 /* PhoneCodeCell.swift */,
				51E4C18B2055BE1B00A2FEA5 /* CurrencyCell.swift */,
				51E4C18C2055BE1B00A2FEA5 /* CountryCell.swift */,
			);
			path = Views;
			sourceTree = "<group>";
		};
		51E4C18D2055BE1B00A2FEA5 /* TextFields */ = {
			isa = PBXGroup;
			children = (
				51E4C18E2055BE1B00A2FEA5 /* TwoTextFieldsViewController.swift */,
				51E4C18F2055BE1B00A2FEA5 /* OneTextFieldViewController.swift */,
			);
			path = TextFields;
			sourceTree = "<group>";
		};
		51E4C1902055BE1B00A2FEA5 /* PhotoLibrary */ = {
			isa = PBXGroup;
			children = (
				51E4C1912055BE1B00A2FEA5 /* Managers */,
				51E4C1932055BE1B00A2FEA5 /* PhotoLibraryPickerViewController.swift */,
			);
			path = PhotoLibrary;
			sourceTree = "<group>";
		};
		51E4C1912055BE1B00A2FEA5 /* Managers */ = {
			isa = PBXGroup;
			children = (
				51E4C1922055BE1B00A2FEA5 /* Assets.swift */,
			);
			path = Managers;
			sourceTree = "<group>";
		};
		51E4C1942055BE1B00A2FEA5 /* Location */ = {
			isa = PBXGroup;
			children = (
				51E4C1952055BE1B00A2FEA5 /* LocationSearchResultsViewController.swift */,
				51E4C1962055BE1B00A2FEA5 /* LocationPickerViewController.swift */,
				51E4C1972055BE1B00A2FEA5 /* Managers */,
				51E4C1992055BE1B00A2FEA5 /* Models */,
			);
			path = Location;
			sourceTree = "<group>";
		};
		51E4C1972055BE1B00A2FEA5 /* Managers */ = {
			isa = PBXGroup;
			children = (
				51E4C1982055BE1B00A2FEA5 /* SearchHistoryManager.swift */,
			);
			path = Managers;
			sourceTree = "<group>";
		};
		51E4C1992055BE1B00A2FEA5 /* Models */ = {
			isa = PBXGroup;
			children = (
				51E4C19A2055BE1B00A2FEA5 /* Location.swift */,
				51E4C19B2055BE1B00A2FEA5 /* Address.swift */,
			);
			path = Models;
			sourceTree = "<group>";
		};
		51E4C19C2055BE1B00A2FEA5 /* PickerView */ = {
			isa = PBXGroup;
			children = (
				51E4C19D2055BE1B00A2FEA5 /* PickerViewViewController.swift */,
			);
			path = PickerView;
			sourceTree = "<group>";
		};
		51E4C19E2055BE1B00A2FEA5 /* Contacts */ = {
			isa = PBXGroup;
			children = (
				51E4C19F2055BE1B00A2FEA5 /* ContactsPickerViewController.swift */,
				51E4C1A02055BE1B00A2FEA5 /* Managers */,
				51E4C1A22055BE1B00A2FEA5 /* Models */,
				51E4C1A42055BE1B00A2FEA5 /* Views */,
			);
			path = Contacts;
			sourceTree = "<group>";
		};
		51E4C1A02055BE1B00A2FEA5 /* Managers */ = {
			isa = PBXGroup;
			children = (
				51E4C1A12055BE1B00A2FEA5 /* Contacts.swift */,
			);
			path = Managers;
			sourceTree = "<group>";
		};
		51E4C1A22055BE1B00A2FEA5 /* Models */ = {
			isa = PBXGroup;
			children = (
				51E4C1A32055BE1B00A2FEA5 /* Contact.swift */,
			);
			path = Models;
			sourceTree = "<group>";
		};
		51E4C1A42055BE1B00A2FEA5 /* Views */ = {
			isa = PBXGroup;
			children = (
				51E4C1A52055BE1B00A2FEA5 /* ContactCell.swift */,
			);
			path = Views;
			sourceTree = "<group>";
		};
		51E4C1A62055BE1B00A2FEA5 /* Color */ = {
			isa = PBXGroup;
			children = (
				51E4C1A72055BE1B00A2FEA5 /* ColorPickerViewController.swift */,
			);
			path = Color;
			sourceTree = "<group>";
		};
		51E4C1A82055BE1B00A2FEA5 /* Date */ = {
			isa = PBXGroup;
			children = (
				51E4C1A92055BE1B00A2FEA5 /* DatePickerViewController.swift */,
			);
			path = Date;
			sourceTree = "<group>";
		};
		51E4C1AA2055BE1B00A2FEA5 /* Image */ = {
			isa = PBXGroup;
			children = (
				51E4C1AB2055BE1B00A2FEA5 /* ImagePickerViewController.swift */,
				51E4C1AC2055BE1B00A2FEA5 /* Views */,
			);
			path = Image;
			sourceTree = "<group>";
		};
		51E4C1AC2055BE1B00A2FEA5 /* Views */ = {
			isa = PBXGroup;
			children = (
				51E4C1AD2055BE1B00A2FEA5 /* ItemWithImage.swift */,
			);
			path = Views;
			sourceTree = "<group>";
		};
		51E4C1AE2055BE1B00A2FEA5 /* Telegram */ = {
			isa = PBXGroup;
			children = (
				51E4C1AF2055BE1B00A2FEA5 /* Layouts */,
				51E4C1B12055BE1B00A2FEA5 /* TelegramPickerViewController.swift */,
				51E4C1B22055BE1B00A2FEA5 /* Views */,
			);
			path = Telegram;
			sourceTree = "<group>";
		};
		51E4C1AF2055BE1B00A2FEA5 /* Layouts */ = {
			isa = PBXGroup;
			children = (
				51E4C1B02055BE1B00A2FEA5 /* PhotoLayout.swift */,
			);
			path = Layouts;
			sourceTree = "<group>";
		};
		51E4C1B22055BE1B00A2FEA5 /* Views */ = {
			isa = PBXGroup;
			children = (
				51E4C1B32055BE1B00A2FEA5 /* ItemWithPhoto.swift */,
				51E4C1B42055BE1B00A2FEA5 /* LikeButtonCell.swift */,
			);
			path = Views;
			sourceTree = "<group>";
		};
		51E4C1B52055BE1B00A2FEA5 /* Views */ = {
			isa = PBXGroup;
			children = (
				51E4C1B62055BE1B00A2FEA5 /* Label.swift */,
				51E4C1B72055BE1B00A2FEA5 /* SegmentedControl.swift */,
				51E4C1B82055BE1B00A2FEA5 /* GradientSlider.swift */,
				51E4C1B92055BE1B00A2FEA5 /* TextField.swift */,
				51E4C1BA2055BE1B00A2FEA5 /* Button.swift */,
			);
			path = Views;
			sourceTree = "<group>";
		};
		7957243D09AADE78F60A40A8 /* Frameworks */ = {
			isa = PBXGroup;
			children = (
				6F7CB94AAC1B57B858BB0386 /* Pods_final_project.framework */,
			);
			name = Frameworks;
			sourceTree = "<group>";
		};
		B75376C69C6E3452F3B01046 /* Pods */ = {
			isa = PBXGroup;
			children = (
				9F21D58DFD4535DD00535CFC /* Pods-final-project.debug.xcconfig */,
				6240933E73D9166ED25F7A50 /* Pods-final-project.release.xcconfig */,
			);
			name = Pods;
			sourceTree = "<group>";
		};
		C892A2EA203A82A5000807D6 = {
			isa = PBXGroup;
			children = (
				C83D20C0205ABC920051E378 /* Settings.bundle */,
				513547DC204CB173003BEC7F /* README.md */,
				C892A2F5203A82A5000807D6 /* final-project */,
				C892A2F4203A82A5000807D6 /* Products */,
				B75376C69C6E3452F3B01046 /* Pods */,
				7957243D09AADE78F60A40A8 /* Frameworks */,
			);
			sourceTree = "<group>";
		};
		C892A2F4203A82A5000807D6 /* Products */ = {
			isa = PBXGroup;
			children = (
				C892A2F3203A82A5000807D6 /* final-project.app */,
			);
			name = Products;
			sourceTree = "<group>";
		};
		C892A2F5203A82A5000807D6 /* final-project */ = {
			isa = PBXGroup;
			children = (
				51E4C16A2055BE1B00A2FEA5 /* Source */,
				C892A2F6203A82A5000807D6 /* AppDelegate.swift */,
				C892A31C20470B8F000807D6 /* AccountViewController.swift */,
				513547D0204CAEA3003BEC7F /* DataTypes.swift */,
				C8A8C8FF2055FCF700046D03 /* Enums.swift */,
				51CF268D205B0BC200CDECBB /* ErrorHandler.swift */,
				517728F1204FB28600AE0CBE /* MediaManager.swift */,
				C892A2FA203A82A5000807D6 /* NewPostViewController.swift */,
				5124639720549B8500126A2E /* NewPostViewControllerExtension.swift */,
				51CF268F205B0BDF00CDECBB /* UIImageExtension.swift */,
				5149A3542055DCB200009D39 /* UIViewControllerExtension.swift */,
				513547D3204CAEB5003BEC7F /* PostDetailViewController.swift */,
				C892A31A2045CE07000807D6 /* LoginViewController.swift */,
				513547D4204CAEB5003BEC7F /* MainFeedTableViewCell.swift */,
				513547D5204CAEB5003BEC7F /* MainFeedViewController.swift */,
				513547D6204CAEB5003BEC7F /* MapAnnotation.swift */,
				513547D2204CAEB4003BEC7F /* MockData.swift */,
				C8A8C8FD2055FC4300046D03 /* SharedNetworking.swift */,
				C83D20BE205A45F20051E378 /* SplashViewController.swift */,
				C883BA14205A32480036EF0A /* Splash.storyboard */,
				C892A301203A82A5000807D6 /* LaunchScreen.storyboard */,
				C892A2FC203A82A5000807D6 /* Main.storyboard */,
				C892A2FF203A82A5000807D6 /* Assets.xcassets */,
				C892A304203A82A5000807D6 /* Info.plist */,
				51CF268B205B0B7000CDECBB /* GoogleService-Info.plist */,
			);
			path = "final-project";
			sourceTree = "<group>";
		};
/* End PBXGroup section */

/* Begin PBXNativeTarget section */
		C892A2F2203A82A5000807D6 /* final-project */ = {
			isa = PBXNativeTarget;
			buildConfigurationList = C892A307203A82A5000807D6 /* Build configuration list for PBXNativeTarget "final-project" */;
			buildPhases = (
				0FCBEDA32EEC1C7AE703A88B /* [CP] Check Pods Manifest.lock */,
				C892A2EF203A82A5000807D6 /* Sources */,
				C892A2F0203A82A5000807D6 /* Frameworks */,
				C892A2F1203A82A5000807D6 /* Resources */,
				CA648C5BB6ACE4CEAD080FD1 /* [CP] Embed Pods Frameworks */,
				53578F00811D6C5809C6AB4C /* [CP] Copy Pods Resources */,
			);
			buildRules = (
			);
			dependencies = (
			);
			name = "final-project";
			productName = "final-project-mock-up";
			productReference = C892A2F3203A82A5000807D6 /* final-project.app */;
			productType = "com.apple.product-type.application";
		};
/* End PBXNativeTarget section */

/* Begin PBXProject section */
		C892A2EB203A82A5000807D6 /* Project object */ = {
			isa = PBXProject;
			attributes = {
				LastSwiftUpdateCheck = 0920;
				LastUpgradeCheck = 0920;
				ORGANIZATIONNAME = "Andrew Chiu";
				TargetAttributes = {
					C892A2F2203A82A5000807D6 = {
						CreatedOnToolsVersion = 9.2;
						ProvisioningStyle = Automatic;
					};
				};
			};
			buildConfigurationList = C892A2EE203A82A5000807D6 /* Build configuration list for PBXProject "final-project" */;
			compatibilityVersion = "Xcode 8.0";
			developmentRegion = en;
			hasScannedForEncodings = 0;
			knownRegions = (
				en,
				Base,
			);
			mainGroup = C892A2EA203A82A5000807D6;
			productRefGroup = C892A2F4203A82A5000807D6 /* Products */;
			projectDirPath = "";
			projectRoot = "";
			targets = (
				C892A2F2203A82A5000807D6 /* final-project */,
			);
		};
/* End PBXProject section */

/* Begin PBXResourcesBuildPhase section */
		C892A2F1203A82A5000807D6 /* Resources */ = {
			isa = PBXResourcesBuildPhase;
			buildActionMask = 2147483647;
			files = (
				C892A303203A82A5000807D6 /* LaunchScreen.storyboard in Resources */,
				51CF268C205B0B7000CDECBB /* GoogleService-Info.plist in Resources */,
				51E4C1CE2055BE1C00A2FEA5 /* Countries.bundle in Resources */,
				C892A300203A82A5000807D6 /* Assets.xcassets in Resources */,
				513547DD204CB173003BEC7F /* README.md in Resources */,
				C892A2FE203A82A5000807D6 /* Main.storyboard in Resources */,
				C883BA15205A32480036EF0A /* Splash.storyboard in Resources */,
				C83D20C1205ABC920051E378 /* Settings.bundle in Resources */,
			);
			runOnlyForDeploymentPostprocessing = 0;
		};
/* End PBXResourcesBuildPhase section */

/* Begin PBXShellScriptBuildPhase section */
		0FCBEDA32EEC1C7AE703A88B /* [CP] Check Pods Manifest.lock */ = {
			isa = PBXShellScriptBuildPhase;
			buildActionMask = 2147483647;
			files = (
			);
			inputPaths = (
				"${PODS_PODFILE_DIR_PATH}/Podfile.lock",
				"${PODS_ROOT}/Manifest.lock",
			);
			name = "[CP] Check Pods Manifest.lock";
			outputPaths = (
				"$(DERIVED_FILE_DIR)/Pods-final-project-checkManifestLockResult.txt",
			);
			runOnlyForDeploymentPostprocessing = 0;
			shellPath = /bin/sh;
			shellScript = "diff \"${PODS_PODFILE_DIR_PATH}/Podfile.lock\" \"${PODS_ROOT}/Manifest.lock\" > /dev/null\nif [ $? != 0 ] ; then\n    # print error to STDERR\n    echo \"error: The sandbox is not in sync with the Podfile.lock. Run 'pod install' or update your CocoaPods installation.\" >&2\n    exit 1\nfi\n# This output is used by Xcode 'outputs' to avoid re-running this script phase.\necho \"SUCCESS\" > \"${SCRIPT_OUTPUT_FILE_0}\"\n";
			showEnvVarsInLog = 0;
		};
		53578F00811D6C5809C6AB4C /* [CP] Copy Pods Resources */ = {
			isa = PBXShellScriptBuildPhase;
			buildActionMask = 2147483647;
			files = (
			);
			inputPaths = (
				"${SRCROOT}/Pods/Target Support Files/Pods-final-project/Pods-final-project-resources.sh",
				"${PODS_CONFIGURATION_BUILD_DIR}/FirebaseUI/FirebaseAuthUI.bundle",
			);
			name = "[CP] Copy Pods Resources";
			outputPaths = (
				"${TARGET_BUILD_DIR}/${UNLOCALIZED_RESOURCES_FOLDER_PATH}/FirebaseAuthUI.bundle",
			);
			runOnlyForDeploymentPostprocessing = 0;
			shellPath = /bin/sh;
			shellScript = "\"${SRCROOT}/Pods/Target Support Files/Pods-final-project/Pods-final-project-resources.sh\"\n";
			showEnvVarsInLog = 0;
		};
		CA648C5BB6ACE4CEAD080FD1 /* [CP] Embed Pods Frameworks */ = {
			isa = PBXShellScriptBuildPhase;
			buildActionMask = 2147483647;
			files = (
			);
			inputPaths = (
				"${SRCROOT}/Pods/Target Support Files/Pods-final-project/Pods-final-project-frameworks.sh",
				"${BUILT_PRODUCTS_DIR}/Bolts/Bolts.framework",
				"${BUILT_PRODUCTS_DIR}/FBSDKCoreKit/FBSDKCoreKit.framework",
				"${BUILT_PRODUCTS_DIR}/FBSDKLoginKit/FBSDKLoginKit.framework",
				"${BUILT_PRODUCTS_DIR}/FacebookCore/FacebookCore.framework",
				"${BUILT_PRODUCTS_DIR}/FacebookLogin/FacebookLogin.framework",
				"${BUILT_PRODUCTS_DIR}/GTMSessionFetcher/GTMSessionFetcher.framework",
				"${BUILT_PRODUCTS_DIR}/GoogleToolboxForMac/GoogleToolboxForMac.framework",
				"${BUILT_PRODUCTS_DIR}/leveldb-library/leveldb.framework",
				"${BUILT_PRODUCTS_DIR}/nanopb/nanopb.framework",
			);
			name = "[CP] Embed Pods Frameworks";
			outputPaths = (
				"${TARGET_BUILD_DIR}/${FRAMEWORKS_FOLDER_PATH}/Bolts.framework",
				"${TARGET_BUILD_DIR}/${FRAMEWORKS_FOLDER_PATH}/FBSDKCoreKit.framework",
				"${TARGET_BUILD_DIR}/${FRAMEWORKS_FOLDER_PATH}/FBSDKLoginKit.framework",
				"${TARGET_BUILD_DIR}/${FRAMEWORKS_FOLDER_PATH}/FacebookCore.framework",
				"${TARGET_BUILD_DIR}/${FRAMEWORKS_FOLDER_PATH}/FacebookLogin.framework",
				"${TARGET_BUILD_DIR}/${FRAMEWORKS_FOLDER_PATH}/GTMSessionFetcher.framework",
				"${TARGET_BUILD_DIR}/${FRAMEWORKS_FOLDER_PATH}/GoogleToolboxForMac.framework",
				"${TARGET_BUILD_DIR}/${FRAMEWORKS_FOLDER_PATH}/leveldb.framework",
				"${TARGET_BUILD_DIR}/${FRAMEWORKS_FOLDER_PATH}/nanopb.framework",
			);
			runOnlyForDeploymentPostprocessing = 0;
			shellPath = /bin/sh;
			shellScript = "\"${SRCROOT}/Pods/Target Support Files/Pods-final-project/Pods-final-project-frameworks.sh\"\n";
			showEnvVarsInLog = 0;
		};
/* End PBXShellScriptBuildPhase section */

/* Begin PBXSourcesBuildPhase section */
		C892A2EF203A82A5000807D6 /* Sources */ = {
			isa = PBXSourcesBuildPhase;
			buildActionMask = 2147483647;
			files = (
				51E4C1EC2055BE1C00A2FEA5 /* SegmentedControl.swift in Sources */,
				51E4C1BD2055BE1B00A2FEA5 /* UIImageView+Extensions.swift in Sources */,
				C892A31B2045CE07000807D6 /* LoginViewController.swift in Sources */,
				C83D20BF205A45F20051E378 /* SplashViewController.swift in Sources */,
				51E4C1E12055BE1C00A2FEA5 /* Contact.swift in Sources */,
				513547DB204CAEB5003BEC7F /* MapAnnotation.swift in Sources */,
				51E4C1C82055BE1C00A2FEA5 /* Optional+Extensions.swift in Sources */,
				51E4C1EA2055BE1C00A2FEA5 /* LikeButtonCell.swift in Sources */,
				51E4C1D12055BE1C00A2FEA5 /* LocalePickerViewController.swift in Sources */,
				51E4C1DA2055BE1C00A2FEA5 /* LocationPickerViewController.swift in Sources */,
				51E4C1D42055BE1C00A2FEA5 /* CountryCell.swift in Sources */,
				513547D8204CAEB5003BEC7F /* PostDetailViewController.swift in Sources */,
				51E4C1D62055BE1C00A2FEA5 /* OneTextFieldViewController.swift in Sources */,
				51E4C1CD2055BE1C00A2FEA5 /* TextViewController.swift in Sources */,
				51E4C1E92055BE1C00A2FEA5 /* ItemWithPhoto.swift in Sources */,
				51E4C1C32055BE1B00A2FEA5 /* UIColor+Extensions.swift in Sources */,
				51E4C1C72055BE1C00A2FEA5 /* UIAlertController+Extensions.swift in Sources */,
				513547D9204CAEB5003BEC7F /* MainFeedTableViewCell.swift in Sources */,
				51E4C1E02055BE1C00A2FEA5 /* Contacts.swift in Sources */,
				51E4C1CF2055BE1C00A2FEA5 /* LocaleStore.swift in Sources */,
				C8A8C8FE2055FC4300046D03 /* SharedNetworking.swift in Sources */,
				513547D7204CAEB5003BEC7F /* MockData.swift in Sources */,
				51E4C1BF2055BE1B00A2FEA5 /* UIView+Extensions.swift in Sources */,
				51CF2690205B0BDF00CDECBB /* UIImageExtension.swift in Sources */,
				51E4C1E22055BE1C00A2FEA5 /* ContactCell.swift in Sources */,
				5149A3552055DCB200009D39 /* UIViewControllerExtension.swift in Sources */,
				51E4C1DD2055BE1C00A2FEA5 /* Address.swift in Sources */,
				51E4C1E72055BE1C00A2FEA5 /* PhotoLayout.swift in Sources */,
				51E4C1EE2055BE1C00A2FEA5 /* TextField.swift in Sources */,
				51E4C1C92055BE1C00A2FEA5 /* Common+Extensions.swift in Sources */,
				51E4C1C52055BE1B00A2FEA5 /* UISearchBar+Extensions.swift in Sources */,
				5124639820549B8500126A2E /* NewPostViewControllerExtension.swift in Sources */,
				51E4C1E82055BE1C00A2FEA5 /* TelegramPickerViewController.swift in Sources */,
				51E4C1D92055BE1C00A2FEA5 /* LocationSearchResultsViewController.swift in Sources */,
				51CF268E205B0BC200CDECBB /* ErrorHandler.swift in Sources */,
				51E4C1E62055BE1C00A2FEA5 /* ItemWithImage.swift in Sources */,
				51E4C1DB2055BE1C00A2FEA5 /* SearchHistoryManager.swift in Sources */,
				51E4C1D72055BE1C00A2FEA5 /* Assets.swift in Sources */,
				51E4C1E32055BE1C00A2FEA5 /* ColorPickerViewController.swift in Sources */,
				51E4C1DC2055BE1C00A2FEA5 /* Location.swift in Sources */,
				51E4C1EF2055BE1C00A2FEA5 /* Button.swift in Sources */,
				C892A31D20470B8F000807D6 /* AccountViewController.swift in Sources */,
				C8A8C9002055FCF700046D03 /* Enums.swift in Sources */,
				513547D1204CAEA3003BEC7F /* DataTypes.swift in Sources */,
				51E4C1D02055BE1C00A2FEA5 /* LocaleInfo.swift in Sources */,
				51E4C1D82055BE1C00A2FEA5 /* PhotoLibraryPickerViewController.swift in Sources */,
				C892A2FB203A82A5000807D6 /* NewPostViewController.swift in Sources */,
				51E4C1EB2055BE1C00A2FEA5 /* Label.swift in Sources */,
				51E4C1ED2055BE1C00A2FEA5 /* GradientSlider.swift in Sources */,
				51E4C1DF2055BE1C00A2FEA5 /* ContactsPickerViewController.swift in Sources */,
				51E4C1C22055BE1B00A2FEA5 /* UITextView+Extensions.swift in Sources */,
				51E4C1CB2055BE1C00A2FEA5 /* UITextField+Extensions.swift in Sources */,
				51E4C1E52055BE1C00A2FEA5 /* ImagePickerViewController.swift in Sources */,
				51E4C1C62055BE1B00A2FEA5 /* UIApplication+Extensions.swift in Sources */,
				51E4C1BB2055BE1B00A2FEA5 /* Array+Extensions.swift in Sources */,
				51E4C1D52055BE1C00A2FEA5 /* TwoTextFieldsViewController.swift in Sources */,
				51E4C1D32055BE1C00A2FEA5 /* CurrencyCell.swift in Sources */,
				51E4C1E42055BE1C00A2FEA5 /* DatePickerViewController.swift in Sources */,
				51E4C1BC2055BE1B00A2FEA5 /* UISegmentedControl+Extensions.swift in Sources */,
				51E4C1C42055BE1B00A2FEA5 /* UIImage+Extensions.swift in Sources */,
				51E4C1DE2055BE1C00A2FEA5 /* PickerViewViewController.swift in Sources */,
				51E4C1C12055BE1B00A2FEA5 /* String+Extensions.swift in Sources */,
				51E4C1BE2055BE1B00A2FEA5 /* UIViewController+Extensions.swift in Sources */,
				51E4C1D22055BE1C00A2FEA5 /* PhoneCodeCell.swift in Sources */,
				513547DA204CAEB5003BEC7F /* MainFeedViewController.swift in Sources */,
				C892A2F7203A82A5000807D6 /* AppDelegate.swift in Sources */,
				51E4C1CC2055BE1C00A2FEA5 /* AttributedTextBlock.swift in Sources */,
				51E4C1CA2055BE1C00A2FEA5 /* Locale+Extensions.swift in Sources */,
				517728F2204FB28700AE0CBE /* MediaManager.swift in Sources */,
				51E4C1C02055BE1B00A2FEA5 /* Date+Extension.swift in Sources */,
			);
			runOnlyForDeploymentPostprocessing = 0;
		};
/* End PBXSourcesBuildPhase section */

/* Begin PBXVariantGroup section */
		C892A2FC203A82A5000807D6 /* Main.storyboard */ = {
			isa = PBXVariantGroup;
			children = (
				C892A2FD203A82A5000807D6 /* Base */,
			);
			name = Main.storyboard;
			sourceTree = "<group>";
		};
		C892A301203A82A5000807D6 /* LaunchScreen.storyboard */ = {
			isa = PBXVariantGroup;
			children = (
				C892A302203A82A5000807D6 /* Base */,
			);
			name = LaunchScreen.storyboard;
			sourceTree = "<group>";
		};
/* End PBXVariantGroup section */

/* Begin XCBuildConfiguration section */
		C892A305203A82A5000807D6 /* Debug */ = {
			isa = XCBuildConfiguration;
			buildSettings = {
				ALWAYS_SEARCH_USER_PATHS = NO;
				CLANG_ANALYZER_NONNULL = YES;
				CLANG_ANALYZER_NUMBER_OBJECT_CONVERSION = YES_AGGRESSIVE;
				CLANG_CXX_LANGUAGE_STANDARD = "gnu++14";
				CLANG_CXX_LIBRARY = "libc++";
				CLANG_ENABLE_MODULES = YES;
				CLANG_ENABLE_OBJC_ARC = YES;
				CLANG_WARN_BLOCK_CAPTURE_AUTORELEASING = YES;
				CLANG_WARN_BOOL_CONVERSION = YES;
				CLANG_WARN_COMMA = YES;
				CLANG_WARN_CONSTANT_CONVERSION = YES;
				CLANG_WARN_DIRECT_OBJC_ISA_USAGE = YES_ERROR;
				CLANG_WARN_DOCUMENTATION_COMMENTS = YES;
				CLANG_WARN_EMPTY_BODY = YES;
				CLANG_WARN_ENUM_CONVERSION = YES;
				CLANG_WARN_INFINITE_RECURSION = YES;
				CLANG_WARN_INT_CONVERSION = YES;
				CLANG_WARN_NON_LITERAL_NULL_CONVERSION = YES;
				CLANG_WARN_OBJC_LITERAL_CONVERSION = YES;
				CLANG_WARN_OBJC_ROOT_CLASS = YES_ERROR;
				CLANG_WARN_RANGE_LOOP_ANALYSIS = YES;
				CLANG_WARN_STRICT_PROTOTYPES = YES;
				CLANG_WARN_SUSPICIOUS_MOVE = YES;
				CLANG_WARN_UNGUARDED_AVAILABILITY = YES_AGGRESSIVE;
				CLANG_WARN_UNREACHABLE_CODE = YES;
				CLANG_WARN__DUPLICATE_METHOD_MATCH = YES;
				CODE_SIGN_IDENTITY = "iPhone Developer";
				COPY_PHASE_STRIP = NO;
				DEBUG_INFORMATION_FORMAT = dwarf;
				ENABLE_STRICT_OBJC_MSGSEND = YES;
				ENABLE_TESTABILITY = YES;
				GCC_C_LANGUAGE_STANDARD = gnu11;
				GCC_DYNAMIC_NO_PIC = NO;
				GCC_NO_COMMON_BLOCKS = YES;
				GCC_OPTIMIZATION_LEVEL = 0;
				GCC_PREPROCESSOR_DEFINITIONS = (
					"DEBUG=1",
					"$(inherited)",
				);
				GCC_WARN_64_TO_32_BIT_CONVERSION = YES;
				GCC_WARN_ABOUT_RETURN_TYPE = YES_ERROR;
				GCC_WARN_UNDECLARED_SELECTOR = YES;
				GCC_WARN_UNINITIALIZED_AUTOS = YES_AGGRESSIVE;
				GCC_WARN_UNUSED_FUNCTION = YES;
				GCC_WARN_UNUSED_VARIABLE = YES;
				IPHONEOS_DEPLOYMENT_TARGET = 11.2;
				MTL_ENABLE_DEBUG_INFO = YES;
				ONLY_ACTIVE_ARCH = YES;
				SDKROOT = iphoneos;
				SWIFT_ACTIVE_COMPILATION_CONDITIONS = DEBUG;
				SWIFT_OPTIMIZATION_LEVEL = "-Onone";
			};
			name = Debug;
		};
		C892A306203A82A5000807D6 /* Release */ = {
			isa = XCBuildConfiguration;
			buildSettings = {
				ALWAYS_SEARCH_USER_PATHS = NO;
				CLANG_ANALYZER_NONNULL = YES;
				CLANG_ANALYZER_NUMBER_OBJECT_CONVERSION = YES_AGGRESSIVE;
				CLANG_CXX_LANGUAGE_STANDARD = "gnu++14";
				CLANG_CXX_LIBRARY = "libc++";
				CLANG_ENABLE_MODULES = YES;
				CLANG_ENABLE_OBJC_ARC = YES;
				CLANG_WARN_BLOCK_CAPTURE_AUTORELEASING = YES;
				CLANG_WARN_BOOL_CONVERSION = YES;
				CLANG_WARN_COMMA = YES;
				CLANG_WARN_CONSTANT_CONVERSION = YES;
				CLANG_WARN_DIRECT_OBJC_ISA_USAGE = YES_ERROR;
				CLANG_WARN_DOCUMENTATION_COMMENTS = YES;
				CLANG_WARN_EMPTY_BODY = YES;
				CLANG_WARN_ENUM_CONVERSION = YES;
				CLANG_WARN_INFINITE_RECURSION = YES;
				CLANG_WARN_INT_CONVERSION = YES;
				CLANG_WARN_NON_LITERAL_NULL_CONVERSION = YES;
				CLANG_WARN_OBJC_LITERAL_CONVERSION = YES;
				CLANG_WARN_OBJC_ROOT_CLASS = YES_ERROR;
				CLANG_WARN_RANGE_LOOP_ANALYSIS = YES;
				CLANG_WARN_STRICT_PROTOTYPES = YES;
				CLANG_WARN_SUSPICIOUS_MOVE = YES;
				CLANG_WARN_UNGUARDED_AVAILABILITY = YES_AGGRESSIVE;
				CLANG_WARN_UNREACHABLE_CODE = YES;
				CLANG_WARN__DUPLICATE_METHOD_MATCH = YES;
				CODE_SIGN_IDENTITY = "iPhone Developer";
				COPY_PHASE_STRIP = NO;
				DEBUG_INFORMATION_FORMAT = "dwarf-with-dsym";
				ENABLE_NS_ASSERTIONS = NO;
				ENABLE_STRICT_OBJC_MSGSEND = YES;
				GCC_C_LANGUAGE_STANDARD = gnu11;
				GCC_NO_COMMON_BLOCKS = YES;
				GCC_WARN_64_TO_32_BIT_CONVERSION = YES;
				GCC_WARN_ABOUT_RETURN_TYPE = YES_ERROR;
				GCC_WARN_UNDECLARED_SELECTOR = YES;
				GCC_WARN_UNINITIALIZED_AUTOS = YES_AGGRESSIVE;
				GCC_WARN_UNUSED_FUNCTION = YES;
				GCC_WARN_UNUSED_VARIABLE = YES;
				IPHONEOS_DEPLOYMENT_TARGET = 11.2;
				MTL_ENABLE_DEBUG_INFO = NO;
				SDKROOT = iphoneos;
				SWIFT_OPTIMIZATION_LEVEL = "-Owholemodule";
				VALIDATE_PRODUCT = YES;
			};
			name = Release;
		};
		C892A308203A82A5000807D6 /* Debug */ = {
			isa = XCBuildConfiguration;
			baseConfigurationReference = 9F21D58DFD4535DD00535CFC /* Pods-final-project.debug.xcconfig */;
			buildSettings = {
				ASSETCATALOG_COMPILER_APPICON_NAME = AppIcon;
				"CODE_SIGN_IDENTITY[sdk=iphoneos*]" = "iPhone Developer";
				CODE_SIGN_STYLE = Automatic;
				DEVELOPMENT_TEAM = 7Y5XC2DHC7;
				FRAMEWORK_SEARCH_PATHS = (
					"$(inherited)",
					"$(PROJECT_DIR)/final-project",
				);
				INFOPLIST_FILE = "$(SRCROOT)/final-project/Info.plist";
				LD_RUNPATH_SEARCH_PATHS = "$(inherited) @executable_path/Frameworks";
				PRODUCT_BUNDLE_IDENTIFIER = "uchicago.mobi.final-project1";
				PRODUCT_NAME = "$(TARGET_NAME)";
				PROVISIONING_PROFILE_SPECIFIER = "";
				SWIFT_VERSION = 4.0;
				TARGETED_DEVICE_FAMILY = 1;
			};
			name = Debug;
		};
		C892A309203A82A5000807D6 /* Release */ = {
			isa = XCBuildConfiguration;
			baseConfigurationReference = 6240933E73D9166ED25F7A50 /* Pods-final-project.release.xcconfig */;
			buildSettings = {
				ASSETCATALOG_COMPILER_APPICON_NAME = AppIcon;
				"CODE_SIGN_IDENTITY[sdk=iphoneos*]" = "iPhone Developer";
				CODE_SIGN_STYLE = Automatic;
				DEVELOPMENT_TEAM = 7Y5XC2DHC7;
				FRAMEWORK_SEARCH_PATHS = (
					"$(inherited)",
					"$(PROJECT_DIR)/final-project",
				);
				INFOPLIST_FILE = "$(SRCROOT)/final-project/Info.plist";
				LD_RUNPATH_SEARCH_PATHS = "$(inherited) @executable_path/Frameworks";
				PRODUCT_BUNDLE_IDENTIFIER = "uchicago.mobi.final-project1";
				PRODUCT_NAME = "$(TARGET_NAME)";
				PROVISIONING_PROFILE_SPECIFIER = "";
				SWIFT_VERSION = 4.0;
				TARGETED_DEVICE_FAMILY = 1;
			};
			name = Release;
		};
/* End XCBuildConfiguration section */

/* Begin XCConfigurationList section */
		C892A2EE203A82A5000807D6 /* Build configuration list for PBXProject "final-project" */ = {
			isa = XCConfigurationList;
			buildConfigurations = (
				C892A305203A82A5000807D6 /* Debug */,
				C892A306203A82A5000807D6 /* Release */,
			);
			defaultConfigurationIsVisible = 0;
			defaultConfigurationName = Release;
		};
		C892A307203A82A5000807D6 /* Build configuration list for PBXNativeTarget "final-project" */ = {
			isa = XCConfigurationList;
			buildConfigurations = (
				C892A308203A82A5000807D6 /* Debug */,
				C892A309203A82A5000807D6 /* Release */,
			);
			defaultConfigurationIsVisible = 0;
			defaultConfigurationName = Release;
		};
/* End XCConfigurationList section */
	};
	rootObject = C892A2EB203A82A5000807D6 /* Project object */;
}
